# THIS IS AN AUTOGENERATED FILE. DO NOT EDIT THIS FILE DIRECTLY.
# yarn lockfile v1


"@types/nlcst@^1.0.0":
  version "1.0.0"
  resolved "https://registry.yarnpkg.com/@types/nlcst/-/nlcst-1.0.0.tgz#9dacd7e9a32bcf0451873be62bdc373aed735b46"
  integrity sha512-3TGCfOcy8R8mMQ4CNSNOe3PG66HttvjcLzCoOpvXvDtfWOTi+uT/rxeOKm/qEwbM4SNe1O/PjdiBK2YcTjU4OQ==
  dependencies:
    "@types/unist" "*"

"@types/unist@*", "@types/unist@^2.0.0":
  version "2.0.6"
  resolved "https://registry.yarnpkg.com/@types/unist/-/unist-2.0.6.tgz#250a7b16c3b91f672a24552ec64678eeb1d3a08d"
  integrity sha512-PBjIUxZHOuj0R15/xuwJYjFi+KZdNFrehocChv4g5hu6aFroHue8m0lBP0POdK2nKzbw0cgV1mws8+V/JAcEkQ==

"@types/wink-tokenizer@^4.0.3":
  version "4.0.3"
  resolved "https://registry.yarnpkg.com/@types/wink-tokenizer/-/wink-tokenizer-4.0.3.tgz#a69d87073b3df739c55e1708ef1e3241d5f9aa36"
  integrity sha512-GvScwtp6bpVtq9AmSCFr+xu9EJhw436lNQAIecBpkrWVjR7OImJIHJjdznBeJDe5AmusdUbH16cToV9013QQmA==

afinn-165@^1.0.2:
  version "1.0.4"
  resolved "https://registry.yarnpkg.com/afinn-165/-/afinn-165-1.0.4.tgz#3abf6b8922dd5db84d84e0abd155924381dd73a4"
  integrity sha512-7+Wlx3BImrK0HiG6y3lU4xX7SpBPSSu8T9iguPMlaueRFxjbYwAQrp9lqZUuFikqKbd/en8lVREILvP2J80uJA==

apparatus@^0.0.10:
  version "0.0.10"
  resolved "https://registry.yarnpkg.com/apparatus/-/apparatus-0.0.10.tgz#81ea756772ada77863db54ceee8202c109bdca3e"
  integrity sha512-KLy/ugo33KZA7nugtQ7O0E1c8kQ52N3IvD/XgIh4w/Nr28ypfkwDfA67F1ev4N1m5D+BOk1+b2dEJDfpj/VvZg==
  dependencies:
    sylvester ">= 0.0.8"

array-iterate@^1.0.0:
  version "1.1.4"
  resolved "https://registry.yarnpkg.com/array-iterate/-/array-iterate-1.1.4.tgz#add1522e9dd9749bb41152d08b845bd08d6af8b7"
  integrity sha512-sNRaPGh9nnmdC8Zf+pT3UqP8rnWj5Hf9wiFGsX3wUQ2yVSIhO2ShFwCoceIPpB41QF6i2OEmrHmCo36xronCVA==

bail@^2.0.0:
  version "2.0.1"
  resolved "https://registry.yarnpkg.com/bail/-/bail-2.0.1.tgz#d676736373a374058a935aec81b94c12ba815771"
  integrity sha512-d5FoTAr2S5DSUPKl85WNm2yUwsINN8eidIdIwsOge2t33DaOfOdSmmsI11jMN3GmALCXaw+Y6HMVHDzePshFAA==

extend@^3.0.0:
  version "3.0.2"
  resolved "https://registry.yarnpkg.com/extend/-/extend-3.0.2.tgz#f8b1136b4071fbd8eb140aff858b1019ec2915fa"
  integrity sha512-fjquC59cD7CyW6urNXK0FBufkZcoiGG80wTuPujX590cB5Ttln20E2UB4S/WARVqhXffZl2LNgS+gQdPIIim/g==

is-buffer@^2.0.0:
  version "2.0.5"
  resolved "https://registry.yarnpkg.com/is-buffer/-/is-buffer-2.0.5.tgz#ebc252e400d22ff8d77fa09888821a24a658c191"
  integrity sha512-i2R6zNFDwgEHJyQUtJEk0XFi1i0dPFn/oqjK3/vPCcDeJvW5NQ83V8QbicfF1SupOaB0h8ntgBC2YiE7dfyctQ==

is-plain-obj@^4.0.0:
  version "4.0.0"
  resolved "https://registry.yarnpkg.com/is-plain-obj/-/is-plain-obj-4.0.0.tgz#06c0999fd7574edf5a906ba5644ad0feb3a84d22"
  integrity sha512-NXRbBtUdBioI73y/HmOhogw/U5msYPC9DAtGkJXeFcFWSFZw0mCUsPxk/snTuJHzNKA8kLBK4rH97RMB1BfCXw==

json-stable-stringify@^1.0.1:
  version "1.0.1"
  resolved "https://registry.yarnpkg.com/json-stable-stringify/-/json-stable-stringify-1.0.1.tgz#9a759d39c5f2ff503fd5300646ed445f88c4f9af"
  integrity sha1-mnWdOcXy/1A/1TAGRu1EX4jE+a8=
  dependencies:
    jsonify "~0.0.0"

jsonify@~0.0.0:
  version "0.0.0"
  resolved "https://registry.yarnpkg.com/jsonify/-/jsonify-0.0.0.tgz#2c74b6ee41d93ca51b7b5aaee8f503631d252a73"
  integrity sha1-LHS27kHZPKUbe1qu6PUDYx0lKnM=

natural@^5.1.1:
  version "5.1.1"
  resolved "https://registry.yarnpkg.com/natural/-/natural-5.1.1.tgz#2af619e864a82cc35aefb7507f587769a5dfdff7"
  integrity sha512-9DjG8K1rcLR8c+A3tY88C5wSrSZ2G0FTTLBJ2z6tv2fxTqqTktVfkYy5CMpZCUM2VrM08ReyCozrxl0XhRk0xQ==
  dependencies:
    afinn-165 "^1.0.2"
    apparatus "^0.0.10"
    json-stable-stringify "^1.0.1"
    sylvester "^0.0.12"
    underscore "^1.9.1"
    wordnet-db "^3.1.11"

nlcst-is-literal@^2.0.0:
  version "2.1.0"
  resolved "https://registry.yarnpkg.com/nlcst-is-literal/-/nlcst-is-literal-2.1.0.tgz#bb149ffa40a31c0014eeea2da605381ef40f049f"
  integrity sha512-jaEIXvIreWx4lfkRa+B3toTTxQgDxnECncbEQVSUVfRWxamQFbRHgxyfrt0aMnuoq5AMd3CQHl5SHGGruOUOdQ==
  dependencies:
    "@types/nlcst" "^1.0.0"
    "@types/unist" "^2.0.0"
    nlcst-to-string "^3.0.0"

nlcst-normalize@^3.0.0:
  version "3.1.0"
  resolved "https://registry.yarnpkg.com/nlcst-normalize/-/nlcst-normalize-3.1.0.tgz#444887980df77b832ee3b898fbd9d52a49dc3098"
  integrity sha512-kRWfUwtffmU26wPAJ25St5rec29PhV8F6dKaa7PxGhH3uytsGakfLyOEEm1mULzWOdfyDb03aE+OKp7h0OJuhA==
  dependencies:
    "@types/nlcst" "^1.0.0"
    nlcst-to-string "^3.0.0"

nlcst-search@^3.0.0:
  version "3.1.0"
  resolved "https://registry.yarnpkg.com/nlcst-search/-/nlcst-search-3.1.0.tgz#4517cdbb0860282cbb3e5287953c6cd5ee43bcf1"
  integrity sha512-d+0fXxF0d5oFAeeyuoGbIYcbiixE9Xt/lsmt491jjPyabXRoIRBE0++U+G8kbDyJFRk1bMQnGFpMCzeoMlDYfQ==
  dependencies:
    "@types/nlcst" "^1.0.0"
    "@types/unist" "^2.0.0"
    nlcst-is-literal "^2.0.0"
    nlcst-normalize "^3.0.0"
    unist-util-visit "^4.0.0"

nlcst-to-string@^2.0.0:
  version "2.0.4"
  resolved "https://registry.yarnpkg.com/nlcst-to-string/-/nlcst-to-string-2.0.4.tgz#9315dfab80882bbfd86ddf1b706f53622dc400cc"
  integrity sha512-3x3jwTd6UPG7vi5k4GEzvxJ5rDA7hVUIRNHPblKuMVP9Z3xmlsd9cgLcpAMkc5uPOBna82EeshROFhsPkbnTZg==

nlcst-to-string@^3.0.0:
  version "3.1.0"
  resolved "https://registry.yarnpkg.com/nlcst-to-string/-/nlcst-to-string-3.1.0.tgz#359519a16f086114538fcbb454e86967c471f823"
  integrity sha512-Y8HQWKw/zrHTCnu2zcFBN1dV6vN0NUG7s5fkEj380G8tF3R+vA2KG+tDl2QoHVQCTHGHVXwoni2RQkDSFQb1PA==
  dependencies:
    "@types/nlcst" "^1.0.0"

parse-english@^5.0.0:
  version "5.0.0"
  resolved "https://registry.yarnpkg.com/parse-english/-/parse-english-5.0.0.tgz#baea1a4d2cba9fde9e49f51ea5b5f95df9d3f6b4"
  integrity sha512-sMe/JmsY6g21aJCAm8KgCH90a9zCZ7aGSriSJ5B0CcGEsDN7YmiCk3+1iKPE1heDG6zYY4Xf++V8llWtCvNBSQ==
  dependencies:
    nlcst-to-string "^2.0.0"
    parse-latin "^5.0.0"
    unist-util-modify-children "^2.0.0"
    unist-util-visit-children "^1.0.0"

parse-latin@^5.0.0:
  version "5.0.0"
  resolved "https://registry.yarnpkg.com/parse-latin/-/parse-latin-5.0.0.tgz#a1963445f59fb9cfa3cb1ddf5f839bfeb0ee4b42"
  integrity sha512-Ht+4/+AUySMS5HKGAiQpBmkFsHSoGrj6Y83flLCa5OIBdtsVkO3UD4OtboJ0O0vZiOznH02x8qlwg9KLUVXuNg==
  dependencies:
    nlcst-to-string "^2.0.0"
    unist-util-modify-children "^2.0.0"
    unist-util-visit-children "^1.0.0"

retext-english@^4.1.0:
  version "4.1.0"
  resolved "https://registry.yarnpkg.com/retext-english/-/retext-english-4.1.0.tgz#4d4b4047a262feba316fe03537a0a00a56bfc1d4"
  integrity sha512-Pky2idjvgkzfodO0GH9X4IU8LX/d4ULTnLf7S1WsBRlSCh/JdTFPafXZstJqZehtQWNHrgoCqVOiGugsNFYvIQ==
  dependencies:
    "@types/nlcst" "^1.0.0"
    parse-english "^5.0.0"
    unherit "^3.0.0"
    unified "^10.0.0"

retext-passive@^4.1.0:
  version "4.1.0"
  resolved "https://registry.yarnpkg.com/retext-passive/-/retext-passive-4.1.0.tgz#4288063f506cc9b43d5f9830b20b10b8056d3a14"
  integrity sha512-JXB5ubCwZppEOgDUWOQFMLUUXD2j1BgnUWuS17BT4Bx0LUKmQrVbHk05cvkOltWy9wunxy31wNBPm7aUXMpeiw==
  dependencies:
    "@types/nlcst" "^1.0.0"
    nlcst-search "^3.0.0"
    nlcst-to-string "^3.0.0"
    unified "^10.0.0"
    unist-util-find-before "^3.0.0"
    unist-util-position "^4.0.0"

retext-stringify@^3.1.0:
  version "3.1.0"
  resolved "https://registry.yarnpkg.com/retext-stringify/-/retext-stringify-3.1.0.tgz#46ed45e077bfc4a8334977f6c2d6611e1d36263a"
  integrity sha512-767TLOaoXFXyOnjx/EggXlb37ZD2u4P1n0GJqVdpipqACsQP+20W+BNpMYrlJkq7hxffnFk+jc6mAK9qrbuB8w==
  dependencies:
    "@types/nlcst" "^1.0.0"
    nlcst-to-string "^3.0.0"
    unified "^10.0.0"

"sylvester@>= 0.0.8":
  version "0.0.21"
  resolved "https://registry.yarnpkg.com/sylvester/-/sylvester-0.0.21.tgz#2987b1ce2bd2f38b0dce2a34388884bfa4400ea7"
  integrity sha1-KYexzivS84sNzio0OIiEv6RADqc=

sylvester@^0.0.12:
  version "0.0.12"
  resolved "https://registry.yarnpkg.com/sylvester/-/sylvester-0.0.12.tgz#5a884415cd2d002c57e7a3aac99462a75ce9fdb4"
  integrity sha1-WohEFc0tACxX56OqyZRip1zp/bQ=

trough@^2.0.0:
  version "2.0.2"
  resolved "https://registry.yarnpkg.com/trough/-/trough-2.0.2.tgz#94a3aa9d5ce379fc561f6244905b3f36b7458d96"
  integrity sha512-FnHq5sTMxC0sk957wHDzRnemFnNBvt/gSY99HzK8F7UP5WAbvP70yX5bd7CjEQkN+TjdxwI7g7lJ6podqrG2/w==

underscore@^1.9.1:
  version "1.13.1"
  resolved "https://registry.yarnpkg.com/underscore/-/underscore-1.13.1.tgz#0c1c6bd2df54b6b69f2314066d65b6cde6fcf9d1"
  integrity sha512-hzSoAVtJF+3ZtiFX0VgfFPHEDRm7Y/QPjGyNo4TVdnDTdft3tr8hEkD25a1jC+TjTuE7tkHGKkhwCgs9dgBB2g==

unherit@^3.0.0:
  version "3.0.0"
  resolved "https://registry.yarnpkg.com/unherit/-/unherit-3.0.0.tgz#83d69af9d8e3afd28fa51cff9ee84de7a1d82a6b"
  integrity sha512-UmvIQZGEc9qdLIQ8mv8/61n6PiMgfbOoASPKHpCvII5srShCQSa6jSjBjlZOR4bxt2XnT6uo6csmPKRi+zQ0Jg==

unified@^10.0.0, unified@^10.1.0:
  version "10.1.0"
  resolved "https://registry.yarnpkg.com/unified/-/unified-10.1.0.tgz#4e65eb38fc2448b1c5ee573a472340f52b9346fe"
  integrity sha512-4U3ru/BRXYYhKbwXV6lU6bufLikoAavTwev89H5UxY8enDFaAT2VXmIXYNm6hb5oHPng/EXr77PVyDFcptbk5g==
  dependencies:
    "@types/unist" "^2.0.0"
    bail "^2.0.0"
    extend "^3.0.0"
    is-buffer "^2.0.0"
    is-plain-obj "^4.0.0"
    trough "^2.0.0"
    vfile "^5.0.0"

unist-util-find-before@^3.0.0:
  version "3.0.0"
  resolved "https://registry.yarnpkg.com/unist-util-find-before/-/unist-util-find-before-3.0.0.tgz#8ce674a304dd87b13a4c969e46bec607340eec5c"
  integrity sha512-+FOagPMJICMK3kO0sZSptWxzCZLI11O7Ej7XnmFVim+0hhA7dmTGKB2ouihsFe3/1tzYzTdUrawxNHlz3Q+CuA==
  dependencies:
    "@types/unist" "^2.0.0"
    unist-util-is "^5.0.0"

unist-util-is@^5.0.0:
  version "5.1.1"
  resolved "https://registry.yarnpkg.com/unist-util-is/-/unist-util-is-5.1.1.tgz#e8aece0b102fa9bc097b0fef8f870c496d4a6236"
  integrity sha512-F5CZ68eYzuSvJjGhCLPL3cYx45IxkqXSetCcRgUXtbcm50X2L9oOWQlfUfDdAf+6Pd27YDblBfdtmsThXmwpbQ==

unist-util-modify-children@^2.0.0:
  version "2.0.0"
  resolved "https://registry.yarnpkg.com/unist-util-modify-children/-/unist-util-modify-children-2.0.0.tgz#9c9c30d4e32502aabb3fde10d7872a17c86801e2"
  integrity sha512-HGrj7JQo9DwZt8XFsX8UD4gGqOsIlCih9opG6Y+N11XqkBGKzHo8cvDi+MfQQgiZ7zXRUiQREYHhjOBHERTMdg==
  dependencies:
    array-iterate "^1.0.0"

unist-util-position@^4.0.0:
  version "4.0.1"
  resolved "https://registry.yarnpkg.com/unist-util-position/-/unist-util-position-4.0.1.tgz#f8484b2da19a897a0180556d160c28633070dbb9"
  integrity sha512-mgy/zI9fQ2HlbOtTdr2w9lhVaiFUHWQnZrFF2EUoVOqtAUdzqMtNiD99qA5a1IcjWVR8O6aVYE9u7Z2z1v0SQA==

unist-util-stringify-position@^3.0.0:
  version "3.0.0"
  resolved "https://registry.yarnpkg.com/unist-util-stringify-position/-/unist-util-stringify-position-3.0.0.tgz#d517d2883d74d0daa0b565adc3d10a02b4a8cde9"
  integrity sha512-SdfAl8fsDclywZpfMDTVDxA2V7LjtRDTOFd44wUJamgl6OlVngsqWjxvermMYf60elWHbxhuRCZml7AnuXCaSA==
  dependencies:
    "@types/unist" "^2.0.0"

unist-util-visit-children@^1.0.0:
  version "1.1.4"
  resolved "https://registry.yarnpkg.com/unist-util-visit-children/-/unist-util-visit-children-1.1.4.tgz#e8a087e58a33a2815f76ea1901c15dec2cb4b432"
  integrity sha512-sA/nXwYRCQVRwZU2/tQWUqJ9JSFM1X3x7JIOsIgSzrFHcfVt6NkzDtKzyxg2cZWkCwGF9CO8x4QNZRJRMK8FeQ==

unist-util-visit-parents@^5.0.0:
  version "5.1.0"
  resolved "https://registry.yarnpkg.com/unist-util-visit-parents/-/unist-util-visit-parents-5.1.0.tgz#44bbc5d25f2411e7dfc5cecff12de43296aa8521"
  integrity sha512-y+QVLcY5eR/YVpqDsLf/xh9R3Q2Y4HxkZTp7ViLDU6WtJCEcPmRzW1gpdWDCDIqIlhuPDXOgttqPlykrHYDekg==
  dependencies:
    "@types/unist" "^2.0.0"
    unist-util-is "^5.0.0"

unist-util-visit@^4.0.0:
  version "4.1.0"
  resolved "https://registry.yarnpkg.com/unist-util-visit/-/unist-util-visit-4.1.0.tgz#f41e407a9e94da31594e6b1c9811c51ab0b3d8f5"
  integrity sha512-n7lyhFKJfVZ9MnKtqbsqkQEk5P1KShj0+//V7mAcoI6bpbUjh3C/OG8HVD+pBihfh6Ovl01m8dkcv9HNqYajmQ==
  dependencies:
    "@types/unist" "^2.0.0"
    unist-util-is "^5.0.0"
    unist-util-visit-parents "^5.0.0"

vfile-message@^3.0.0:
  version "3.0.2"
  resolved "https://registry.yarnpkg.com/vfile-message/-/vfile-message-3.0.2.tgz#db7eaebe7fecb853010f2ef1664427f52baf8f74"
  integrity sha512-UUjZYIOg9lDRwwiBAuezLIsu9KlXntdxwG+nXnjuQAHvBpcX3x0eN8h+I7TkY5nkCXj+cWVp4ZqebtGBvok8ww==
  dependencies:
    "@types/unist" "^2.0.0"
    unist-util-stringify-position "^3.0.0"

vfile@^5.0.0:
  version "5.1.1"
  resolved "https://registry.yarnpkg.com/vfile/-/vfile-5.1.1.tgz#d71576553720f73123b72f4b100d9ac95bc9164d"
  integrity sha512-sfI+3MnGUodvAE2s3hXCcJxhcymXQgekdgqNf9WMcmWtZU65tPMaml5eGYREJfMJGHr4/0GPZgrN3UMgWjHXSQ==
  dependencies:
    "@types/unist" "^2.0.0"
    is-buffer "^2.0.0"
    unist-util-stringify-position "^3.0.0"
    vfile-message "^3.0.0"

vscode-jsonrpc@6.0.0:
  version "6.0.0"
  resolved "https://registry.yarnpkg.com/vscode-jsonrpc/-/vscode-jsonrpc-6.0.0.tgz#108bdb09b4400705176b957ceca9e0880e9b6d4e"
  integrity sha512-wnJA4BnEjOSyFMvjZdpiOwhSq9uDoK8e/kpRJDTaMYzwlkrhG1fwDIZI94CLsLzlCK5cIbMMtFlJlfR57Lavmg==

vscode-languageserver-protocol@3.16.0:
  version "3.16.0"
  resolved "https://registry.yarnpkg.com/vscode-languageserver-protocol/-/vscode-languageserver-protocol-3.16.0.tgz#34135b61a9091db972188a07d337406a3cdbe821"
  integrity sha512-sdeUoAawceQdgIfTI+sdcwkiK2KU+2cbEYA0agzM2uqaUy2UpnnGHtWTHVEtS0ES4zHU0eMFRGN+oQgDxlD66A==
  dependencies:
    vscode-jsonrpc "6.0.0"
    vscode-languageserver-types "3.16.0"

vscode-languageserver-textdocument@^1.0.1:
  version "1.0.2"
  resolved "https://registry.yarnpkg.com/vscode-languageserver-textdocument/-/vscode-languageserver-textdocument-1.0.2.tgz#2f9f6bd5b5eb3d8e21424c0c367009216f016236"
  integrity sha512-T7uPC18+f8mYE4lbVZwb3OSmvwTZm3cuFhrdx9Bn2l11lmp3SvSuSVjy2JtvrghzjAo4G6Trqny2m9XGnFnWVA==

vscode-languageserver-types@3.16.0:
  version "3.16.0"
  resolved "https://registry.yarnpkg.com/vscode-languageserver-types/-/vscode-languageserver-types-3.16.0.tgz#ecf393fc121ec6974b2da3efb3155644c514e247"
  integrity sha512-k8luDIWJWyenLc5ToFQQMaSrqCHiLwyKPHKPQZ5zz21vM+vIVUSvsRpcbiECH4WR88K2XZqc4ScRcZ7nk/jbeA==

vscode-languageserver@^7.0.0:
  version "7.0.0"
  resolved "https://registry.yarnpkg.com/vscode-languageserver/-/vscode-languageserver-7.0.0.tgz#49b068c87cfcca93a356969d20f5d9bdd501c6b0"
  integrity sha512-60HTx5ID+fLRcgdHfmz0LDZAXYEV68fzwG0JWwEPBode9NuMYTIxuYXPg4ngO8i8+Ou0lM7y6GzaYWbiDL0drw==
  dependencies:
    vscode-languageserver-protocol "3.16.0"

wordnet-db@^3.1.11:
  version "3.1.14"
  resolved "https://registry.yarnpkg.com/wordnet-db/-/wordnet-db-3.1.14.tgz#7ba1ec2cb5730393f0856efcc738a60085426199"
  integrity sha512-zVyFsvE+mq9MCmwXUWHIcpfbrHHClZWZiVOzKSxNJruIcFn2RbY55zkhiAMMxM8zCVSmtNiViq8FsAZSFpMYag==
